
Microsoft Visual Studio Solution File, Format Version 12.00
# Visual Studio Version 16
VisualStudioVersion = 16.0.30114.105
MinimumVisualStudioVersion = 10.0.40219.1
Project("{FAE04EC0-301F-11D3-BF4B-00C04F79EFBC}") = "IssueManager", "IssueManager\IssueManager.csproj", "{8E4B9713-169B-4B89-898D-A405E59DF40D}"
EndProject
Global
	GlobalSection(SolutionConfigurationPlatforms) = preSolution
		Debug|Any CPU = Debug|Any CPU
		Release|Any CPU = Release|Any CPU
	EndGlobalSection
	GlobalSection(ProjectConfigurationPlatforms) = postSolution
		{8E4B9713-169B-4B89-898D-A405E59DF40D}.Debug|Any CPU.ActiveCfg = Debug|Any CPU
		{8E4B9713-169B-4B89-898D-A405E59DF40D}.Debug|Any CPU.Build.0 = Debug|Any CPU
		{8E4B9713-169B-4B89-898D-A405E59DF40D}.Release|Any CPU.ActiveCfg = Release|Any CPU
		{8E4B9713-169B-4B89-898D-A405E59DF40D}.Release|Any CPU.Build.0 = Release|Any CPU
	EndGlobalSection
	GlobalSection(SolutionProperties) = preSolution
		HideSolutionNode = FALSE
	EndGlobalSection
	GlobalSection(ExtensibilityGlobals) = postSolution
		SolutionGuid = {C0A3479B-E7F6-408C-BDF6-1D756B8A48BC}
	EndGlobalSection
EndGlobal
