
Microsoft Visual Studio Solution File, Format Version 12.00
# Visual Studio Version 16
VisualStudioVersion = 16.0.30114.105
MinimumVisualStudioVersion = 10.0.40219.1
Project("{FAE04EC0-301F-11D3-BF4B-00C04F79EFBC}") = "IssueTracker", "IssueTracker\IssueTracker.csproj", "{B285F97D-3670-475A-A19E-B17BB0D3497E}"
EndProject
Global
	GlobalSection(SolutionConfigurationPlatforms) = preSolution
		Debug|Any CPU = Debug|Any CPU
		Release|Any CPU = Release|Any CPU
	EndGlobalSection
	GlobalSection(ProjectConfigurationPlatforms) = postSolution
		{B285F97D-3670-475A-A19E-B17BB0D3497E}.Debug|Any CPU.ActiveCfg = Debug|Any CPU
		{B285F97D-3670-475A-A19E-B17BB0D3497E}.Debug|Any CPU.Build.0 = Debug|Any CPU
		{B285F97D-3670-475A-A19E-B17BB0D3497E}.Release|Any CPU.ActiveCfg = Release|Any CPU
		{B285F97D-3670-475A-A19E-B17BB0D3497E}.Release|Any CPU.Build.0 = Release|Any CPU
	EndGlobalSection
	GlobalSection(SolutionProperties) = preSolution
		HideSolutionNode = FALSE
	EndGlobalSection
	GlobalSection(ExtensibilityGlobals) = postSolution
		SolutionGuid = {A0DC60E0-E159-48A3-89DB-9224880A74A4}
	EndGlobalSection
EndGlobal
